
Microsoft Visual Studio Solution File, Format Version 12.00
# Visual Studio Version 17
VisualStudioVersion = 17.3.32811.315
MinimumVisualStudioVersion = 10.0.40219.1
Project("{FAE04EC0-301F-11D3-BF4B-00C04F79EFBC}") = "InternshipVT", "InternshipVT\InternshipVT.csproj", "{8A0E43B2-509C-4660-B26C-B854A417FAEE}"
EndProject
Global
	GlobalSection(SolutionConfigurationPlatforms) = preSolution
		Debug|Any CPU = Debug|Any CPU
		Release|Any CPU = Release|Any CPU
	EndGlobalSection
	GlobalSection(ProjectConfigurationPlatforms) = postSolution
		{8A0E43B2-509C-4660-B26C-B854A417FAEE}.Debug|Any CPU.ActiveCfg = Debug|Any CPU
		{8A0E43B2-509C-4660-B26C-B854A417FAEE}.Debug|Any CPU.Build.0 = Debug|Any CPU
		{8A0E43B2-509C-4660-B26C-B854A417FAEE}.Release|Any CPU.ActiveCfg = Release|Any CPU
		{8A0E43B2-509C-4660-B26C-B854A417FAEE}.Release|Any CPU.Build.0 = Release|Any CPU
	EndGlobalSection
	GlobalSection(SolutionProperties) = preSolution
		HideSolutionNode = FALSE
	EndGlobalSection
	GlobalSection(ExtensibilityGlobals) = postSolution
		SolutionGuid = {8F23348C-ED33-4EE2-B02D-0AF9155096B7}
	EndGlobalSection
EndGlobal
